
Microsoft Visual Studio Solution File, Format Version 12.00
# Visual Studio Version 16
VisualStudioVersion = 16.0.29215.179
MinimumVisualStudioVersion = 10.0.40219.1
Project("{FAE04EC0-301F-11D3-BF4B-00C04F79EFBC}") = "Modul01_HalloWPF", "HalloWPF\Modul01_HalloWPF.csproj", "{81EE2E0C-75B9-4B19-88E6-EEEE658B7452}"
EndProject
Project("{FAE04EC0-301F-11D3-BF4B-00C04F79EFBC}") = "Modul02_Controls", "Controls\Modul02_Controls.csproj", "{F4B5988B-F2D0-427E-B70B-0D8CDFA00D2F}"
EndProject
Project("{FAE04EC0-301F-11D3-BF4B-00C04F79EFBC}") = "Modul03_Container", "Container\Modul03_Container.csproj", "{9A7774EE-B614-439A-8FB2-30BD50F211B8}"
EndProject
Project("{FAE04EC0-301F-11D3-BF4B-00C04F79EFBC}") = "PersonenDB_Bsp", "PersonenDB_Bsp\PersonenDB_Bsp.csproj", "{553D4D4F-596C-4C3C-9D37-265723EFAC24}"
EndProject
Project("{FAE04EC0-301F-11D3-BF4B-00C04F79EFBC}") = "Modul04_EventRouting", "EventRouting\Modul04_EventRouting.csproj", "{E8693429-34AC-4B53-AE3D-731F79A3E365}"
EndProject
Project("{FAE04EC0-301F-11D3-BF4B-00C04F79EFBC}") = "Modul14_Animationen", "Animationen\Modul14_Animationen.csproj", "{064A0EFA-E94A-4360-BCF2-7ECDC910140D}"
EndProject
Project("{FAE04EC0-301F-11D3-BF4B-00C04F79EFBC}") = "Modul05.1_Bindings", "Bindings\Modul05.1_Bindings.csproj", "{6DB5C29B-5E13-4B98-9B22-42E534FA59F3}"
EndProject
Project("{FAE04EC0-301F-11D3-BF4B-00C04F79EFBC}") = "Modul05.2_ValueConverter", "ValueConverter\Modul05.2_ValueConverter.csproj", "{95C41442-0CE5-4FC1-A332-B741FDDD3FF8}"
EndProject
Project("{FAE04EC0-301F-11D3-BF4B-00C04F79EFBC}") = "Modul06_Resources", "Resources\Modul06_Resources.csproj", "{795DA75A-56C7-44A3-B178-EE116A870827}"
EndProject
Project("{FAE04EC0-301F-11D3-BF4B-00C04F79EFBC}") = "Modul07_Styles", "Styles\Modul07_Styles.csproj", "{CB3C9437-C007-4F8A-97CA-DF51AA5AF701}"
EndProject
Project("{FAE04EC0-301F-11D3-BF4B-00C04F79EFBC}") = "Modul08_Templates", "Templates\Modul08_Templates.csproj", "{8122C2D4-14B6-4CC6-A0C7-210C98FFCAA5}"
EndProject
Project("{FAE04EC0-301F-11D3-BF4B-00C04F79EFBC}") = "Modul15_Localisation", "Localisation\Modul15_Localisation.csproj", "{7F51C87A-444F-4C79-9AD7-9C24032130DF}"
EndProject
Project("{FAE04EC0-301F-11D3-BF4B-00C04F79EFBC}") = "Modul09_Validation", "Validation\Modul09_Validation.csproj", "{FAB245A1-A07D-432C-8D15-C40A715B6775}"
EndProject
Project("{FAE04EC0-301F-11D3-BF4B-00C04F79EFBC}") = "Modul10_RelativeSource", "RelativeSource\Modul10_RelativeSource.csproj", "{AC20F7FC-B453-4A30-AFE0-681EA22D1FE0}"
EndProject
Project("{FAE04EC0-301F-11D3-BF4B-00C04F79EFBC}") = "Modul11_Trigger", "Trigger\Modul11_Trigger.csproj", "{ECCFF3DA-185C-4E16-8EF3-6C85A692277C}"
EndProject
Project("{FAE04EC0-301F-11D3-BF4B-00C04F79EFBC}") = "Modul12_MeinUserControl", "MeinUserControl\Modul12_MeinUserControl.csproj", "{1282B8A5-1E20-4149-8B8E-8184914AC50C}"
EndProject
Project("{FAE04EC0-301F-11D3-BF4B-00C04F79EFBC}") = "Modul13_Commands", "Commands\Modul13_Commands.csproj", "{1F22B806-9EC5-47BC-8625-40AEE7D3E289}"
EndProject
Project("{FAE04EC0-301F-11D3-BF4B-00C04F79EFBC}") = "MVVM_PersonenDB_Bsp", "MVVM_PersonenDB_Bsp\MVVM_PersonenDB_Bsp.csproj", "{DA17AC76-2CD2-4CED-A745-D1234C9123B4}"
EndProject
Project("{54435603-DBB4-11D2-8724-00A0C9A8B90C}") = "MVVMSetup", "MVVMSetup\MVVMSetup.vdproj", "{4AAE913B-EA87-41F0-AA59-952A4B6C8536}"
EndProject
Project("{FAE04EC0-301F-11D3-BF4B-00C04F79EFBC}") = "CalliburnMicroTest", "CalliburnMicroTest\CalliburnMicroTest.csproj", "{6D84195B-05CA-4739-91F4-B24791D4CDAE}"
EndProject
Global
	GlobalSection(SolutionConfigurationPlatforms) = preSolution
		Debug|Any CPU = Debug|Any CPU
		Release|Any CPU = Release|Any CPU
	EndGlobalSection
	GlobalSection(ProjectConfigurationPlatforms) = postSolution
		{81EE2E0C-75B9-4B19-88E6-EEEE658B7452}.Debug|Any CPU.ActiveCfg = Debug|Any CPU
		{81EE2E0C-75B9-4B19-88E6-EEEE658B7452}.Debug|Any CPU.Build.0 = Debug|Any CPU
		{81EE2E0C-75B9-4B19-88E6-EEEE658B7452}.Release|Any CPU.ActiveCfg = Release|Any CPU
		{81EE2E0C-75B9-4B19-88E6-EEEE658B7452}.Release|Any CPU.Build.0 = Release|Any CPU
		{F4B5988B-F2D0-427E-B70B-0D8CDFA00D2F}.Debug|Any CPU.ActiveCfg = Debug|Any CPU
		{F4B5988B-F2D0-427E-B70B-0D8CDFA00D2F}.Debug|Any CPU.Build.0 = Debug|Any CPU
		{F4B5988B-F2D0-427E-B70B-0D8CDFA00D2F}.Release|Any CPU.ActiveCfg = Release|Any CPU
		{F4B5988B-F2D0-427E-B70B-0D8CDFA00D2F}.Release|Any CPU.Build.0 = Release|Any CPU
		{9A7774EE-B614-439A-8FB2-30BD50F211B8}.Debug|Any CPU.ActiveCfg = Debug|Any CPU
		{9A7774EE-B614-439A-8FB2-30BD50F211B8}.Debug|Any CPU.Build.0 = Debug|Any CPU
		{9A7774EE-B614-439A-8FB2-30BD50F211B8}.Release|Any CPU.ActiveCfg = Release|Any CPU
		{9A7774EE-B614-439A-8FB2-30BD50F211B8}.Release|Any CPU.Build.0 = Release|Any CPU
		{553D4D4F-596C-4C3C-9D37-265723EFAC24}.Debug|Any CPU.ActiveCfg = Debug|Any CPU
		{553D4D4F-596C-4C3C-9D37-265723EFAC24}.Debug|Any CPU.Build.0 = Debug|Any CPU
		{553D4D4F-596C-4C3C-9D37-265723EFAC24}.Release|Any CPU.ActiveCfg = Release|Any CPU
		{553D4D4F-596C-4C3C-9D37-265723EFAC24}.Release|Any CPU.Build.0 = Release|Any CPU
		{E8693429-34AC-4B53-AE3D-731F79A3E365}.Debug|Any CPU.ActiveCfg = Debug|Any CPU
		{E8693429-34AC-4B53-AE3D-731F79A3E365}.Debug|Any CPU.Build.0 = Debug|Any CPU
		{E8693429-34AC-4B53-AE3D-731F79A3E365}.Release|Any CPU.ActiveCfg = Release|Any CPU
		{E8693429-34AC-4B53-AE3D-731F79A3E365}.Release|Any CPU.Build.0 = Release|Any CPU
		{064A0EFA-E94A-4360-BCF2-7ECDC910140D}.Debug|Any CPU.ActiveCfg = Debug|Any CPU
		{064A0EFA-E94A-4360-BCF2-7ECDC910140D}.Debug|Any CPU.Build.0 = Debug|Any CPU
		{064A0EFA-E94A-4360-BCF2-7ECDC910140D}.Release|Any CPU.ActiveCfg = Release|Any CPU
		{064A0EFA-E94A-4360-BCF2-7ECDC910140D}.Release|Any CPU.Build.0 = Release|Any CPU
		{6DB5C29B-5E13-4B98-9B22-42E534FA59F3}.Debug|Any CPU.ActiveCfg = Debug|Any CPU
		{6DB5C29B-5E13-4B98-9B22-42E534FA59F3}.Debug|Any CPU.Build.0 = Debug|Any CPU
		{6DB5C29B-5E13-4B98-9B22-42E534FA59F3}.Release|Any CPU.ActiveCfg = Release|Any CPU
		{6DB5C29B-5E13-4B98-9B22-42E534FA59F3}.Release|Any CPU.Build.0 = Release|Any CPU
		{95C41442-0CE5-4FC1-A332-B741FDDD3FF8}.Debug|Any CPU.ActiveCfg = Debug|Any CPU
		{95C41442-0CE5-4FC1-A332-B741FDDD3FF8}.Debug|Any CPU.Build.0 = Debug|Any CPU
		{95C41442-0CE5-4FC1-A332-B741FDDD3FF8}.Release|Any CPU.ActiveCfg = Release|Any CPU
		{95C41442-0CE5-4FC1-A332-B741FDDD3FF8}.Release|Any CPU.Build.0 = Release|Any CPU
		{795DA75A-56C7-44A3-B178-EE116A870827}.Debug|Any CPU.ActiveCfg = Debug|Any CPU
		{795DA75A-56C7-44A3-B178-EE116A870827}.Debug|Any CPU.Build.0 = Debug|Any CPU
		{795DA75A-56C7-44A3-B178-EE116A870827}.Release|Any CPU.ActiveCfg = Release|Any CPU
		{795DA75A-56C7-44A3-B178-EE116A870827}.Release|Any CPU.Build.0 = Release|Any CPU
		{CB3C9437-C007-4F8A-97CA-DF51AA5AF701}.Debug|Any CPU.ActiveCfg = Debug|Any CPU
		{CB3C9437-C007-4F8A-97CA-DF51AA5AF701}.Debug|Any CPU.Build.0 = Debug|Any CPU
		{CB3C9437-C007-4F8A-97CA-DF51AA5AF701}.Release|Any CPU.ActiveCfg = Release|Any CPU
		{CB3C9437-C007-4F8A-97CA-DF51AA5AF701}.Release|Any CPU.Build.0 = Release|Any CPU
		{8122C2D4-14B6-4CC6-A0C7-210C98FFCAA5}.Debug|Any CPU.ActiveCfg = Debug|Any CPU
		{8122C2D4-14B6-4CC6-A0C7-210C98FFCAA5}.Debug|Any CPU.Build.0 = Debug|Any CPU
		{8122C2D4-14B6-4CC6-A0C7-210C98FFCAA5}.Release|Any CPU.ActiveCfg = Release|Any CPU
		{8122C2D4-14B6-4CC6-A0C7-210C98FFCAA5}.Release|Any CPU.Build.0 = Release|Any CPU
		{7F51C87A-444F-4C79-9AD7-9C24032130DF}.Debug|Any CPU.ActiveCfg = Debug|Any CPU
		{7F51C87A-444F-4C79-9AD7-9C24032130DF}.Debug|Any CPU.Build.0 = Debug|Any CPU
		{7F51C87A-444F-4C79-9AD7-9C24032130DF}.Release|Any CPU.ActiveCfg = Release|Any CPU
		{7F51C87A-444F-4C79-9AD7-9C24032130DF}.Release|Any CPU.Build.0 = Release|Any CPU
		{FAB245A1-A07D-432C-8D15-C40A715B6775}.Debug|Any CPU.ActiveCfg = Debug|Any CPU
		{FAB245A1-A07D-432C-8D15-C40A715B6775}.Debug|Any CPU.Build.0 = Debug|Any CPU
		{FAB245A1-A07D-432C-8D15-C40A715B6775}.Release|Any CPU.ActiveCfg = Release|Any CPU
		{FAB245A1-A07D-432C-8D15-C40A715B6775}.Release|Any CPU.Build.0 = Release|Any CPU
		{AC20F7FC-B453-4A30-AFE0-681EA22D1FE0}.Debug|Any CPU.ActiveCfg = Debug|Any CPU
		{AC20F7FC-B453-4A30-AFE0-681EA22D1FE0}.Debug|Any CPU.Build.0 = Debug|Any CPU
		{AC20F7FC-B453-4A30-AFE0-681EA22D1FE0}.Release|Any CPU.ActiveCfg = Release|Any CPU
		{AC20F7FC-B453-4A30-AFE0-681EA22D1FE0}.Release|Any CPU.Build.0 = Release|Any CPU
		{ECCFF3DA-185C-4E16-8EF3-6C85A692277C}.Debug|Any CPU.ActiveCfg = Debug|Any CPU
		{ECCFF3DA-185C-4E16-8EF3-6C85A692277C}.Debug|Any CPU.Build.0 = Debug|Any CPU
		{ECCFF3DA-185C-4E16-8EF3-6C85A692277C}.Release|Any CPU.ActiveCfg = Release|Any CPU
		{ECCFF3DA-185C-4E16-8EF3-6C85A692277C}.Release|Any CPU.Build.0 = Release|Any CPU
		{1282B8A5-1E20-4149-8B8E-8184914AC50C}.Debug|Any CPU.ActiveCfg = Debug|Any CPU
		{1282B8A5-1E20-4149-8B8E-8184914AC50C}.Debug|Any CPU.Build.0 = Debug|Any CPU
		{1282B8A5-1E20-4149-8B8E-8184914AC50C}.Release|Any CPU.ActiveCfg = Release|Any CPU
		{1282B8A5-1E20-4149-8B8E-8184914AC50C}.Release|Any CPU.Build.0 = Release|Any CPU
		{1F22B806-9EC5-47BC-8625-40AEE7D3E289}.Debug|Any CPU.ActiveCfg = Debug|Any CPU
		{1F22B806-9EC5-47BC-8625-40AEE7D3E289}.Debug|Any CPU.Build.0 = Debug|Any CPU
		{1F22B806-9EC5-47BC-8625-40AEE7D3E289}.Release|Any CPU.ActiveCfg = Release|Any CPU
		{1F22B806-9EC5-47BC-8625-40AEE7D3E289}.Release|Any CPU.Build.0 = Release|Any CPU
		{DA17AC76-2CD2-4CED-A745-D1234C9123B4}.Debug|Any CPU.ActiveCfg = Debug|Any CPU
		{DA17AC76-2CD2-4CED-A745-D1234C9123B4}.Debug|Any CPU.Build.0 = Debug|Any CPU
		{DA17AC76-2CD2-4CED-A745-D1234C9123B4}.Release|Any CPU.ActiveCfg = Release|Any CPU
		{DA17AC76-2CD2-4CED-A745-D1234C9123B4}.Release|Any CPU.Build.0 = Release|Any CPU
		{4AAE913B-EA87-41F0-AA59-952A4B6C8536}.Debug|Any CPU.ActiveCfg = Debug
		{4AAE913B-EA87-41F0-AA59-952A4B6C8536}.Release|Any CPU.ActiveCfg = Release
		{6D84195B-05CA-4739-91F4-B24791D4CDAE}.Debug|Any CPU.ActiveCfg = Debug|Any CPU
		{6D84195B-05CA-4739-91F4-B24791D4CDAE}.Debug|Any CPU.Build.0 = Debug|Any CPU
		{6D84195B-05CA-4739-91F4-B24791D4CDAE}.Release|Any CPU.ActiveCfg = Release|Any CPU
		{6D84195B-05CA-4739-91F4-B24791D4CDAE}.Release|Any CPU.Build.0 = Release|Any CPU
	EndGlobalSection
	GlobalSection(SolutionProperties) = preSolution
		HideSolutionNode = FALSE
	EndGlobalSection
	GlobalSection(ExtensibilityGlobals) = postSolution
		SolutionGuid = {B3A216C8-E383-4CE5-8C62-B0E5E0ADCEA6}
	EndGlobalSection
EndGlobal
